
Microsoft Visual Studio Solution File, Format Version 12.00
# Visual Studio Version 16
VisualStudioVersion = 16.0.30413.136
MinimumVisualStudioVersion = 10.0.40219.1
Project("{9A19103F-16F7-4668-BE54-9A1E7A4F7556}") = "AguiarPay.Presentation", "AguiarPay.Presentation\AguiarPay.Presentation.csproj", "{F53C9411-9B3A-4EEB-8C99-B55CC6CB3474}"
EndProject
Project("{2150E333-8FDC-42A3-9474-1A3956D46DE8}") = "0 - Presentation", "0 - Presentation", "{9B33631B-782B-4A8F-8637-4FB9314F67BC}"
EndProject
Project("{2150E333-8FDC-42A3-9474-1A3956D46DE8}") = "1 - Business", "1 - Business", "{562683BA-1906-499D-B77F-499EB940BCC7}"
EndProject
Project("{2150E333-8FDC-42A3-9474-1A3956D46DE8}") = "2 - Data", "2 - Data", "{74FA06E3-6164-4399-B142-D6604248E01C}"
EndProject
Project("{FAE04EC0-301F-11D3-BF4B-00C04F79EFBC}") = "AguiarPay.Business", "AguiarPay.Business\AguiarPay.Business.csproj", "{96CD84DC-C1B6-48B1-8BB7-7292415DA120}"
EndProject
Project("{FAE04EC0-301F-11D3-BF4B-00C04F79EFBC}") = "AguiarPay.Data", "AguiarPay.Data\AguiarPay.Data.csproj", "{856FE7CC-B38F-4703-B24B-8F2618703401}"
EndProject
Global
	GlobalSection(SolutionConfigurationPlatforms) = preSolution
		Debug|Any CPU = Debug|Any CPU
		Release|Any CPU = Release|Any CPU
	EndGlobalSection
	GlobalSection(ProjectConfigurationPlatforms) = postSolution
		{F53C9411-9B3A-4EEB-8C99-B55CC6CB3474}.Debug|Any CPU.ActiveCfg = Debug|Any CPU
		{F53C9411-9B3A-4EEB-8C99-B55CC6CB3474}.Debug|Any CPU.Build.0 = Debug|Any CPU
		{F53C9411-9B3A-4EEB-8C99-B55CC6CB3474}.Release|Any CPU.ActiveCfg = Release|Any CPU
		{F53C9411-9B3A-4EEB-8C99-B55CC6CB3474}.Release|Any CPU.Build.0 = Release|Any CPU
		{96CD84DC-C1B6-48B1-8BB7-7292415DA120}.Debug|Any CPU.ActiveCfg = Debug|Any CPU
		{96CD84DC-C1B6-48B1-8BB7-7292415DA120}.Debug|Any CPU.Build.0 = Debug|Any CPU
		{96CD84DC-C1B6-48B1-8BB7-7292415DA120}.Release|Any CPU.ActiveCfg = Release|Any CPU
		{96CD84DC-C1B6-48B1-8BB7-7292415DA120}.Release|Any CPU.Build.0 = Release|Any CPU
		{856FE7CC-B38F-4703-B24B-8F2618703401}.Debug|Any CPU.ActiveCfg = Debug|Any CPU
		{856FE7CC-B38F-4703-B24B-8F2618703401}.Debug|Any CPU.Build.0 = Debug|Any CPU
		{856FE7CC-B38F-4703-B24B-8F2618703401}.Release|Any CPU.ActiveCfg = Release|Any CPU
		{856FE7CC-B38F-4703-B24B-8F2618703401}.Release|Any CPU.Build.0 = Release|Any CPU
	EndGlobalSection
	GlobalSection(SolutionProperties) = preSolution
		HideSolutionNode = FALSE
	EndGlobalSection
	GlobalSection(NestedProjects) = preSolution
		{F53C9411-9B3A-4EEB-8C99-B55CC6CB3474} = {9B33631B-782B-4A8F-8637-4FB9314F67BC}
		{96CD84DC-C1B6-48B1-8BB7-7292415DA120} = {562683BA-1906-499D-B77F-499EB940BCC7}
		{856FE7CC-B38F-4703-B24B-8F2618703401} = {74FA06E3-6164-4399-B142-D6604248E01C}
	EndGlobalSection
	GlobalSection(ExtensibilityGlobals) = postSolution
		SolutionGuid = {CB0D8637-E5B7-4AD6-B754-77DA22A078F7}
	EndGlobalSection
EndGlobal
